
Microsoft Visual Studio Solution File, Format Version 12.00
# Visual Studio Version 17
VisualStudioVersion = 17.13.35931.197
MinimumVisualStudioVersion = 10.0.40219.1
Project("{FAE04EC0-301F-11D3-BF4B-00C04F79EFBC}") = "Inventory-Service", "Inventory-Service.csproj", "{3FE1EE8A-9A23-4F2C-9227-7426A81C7585}"
EndProject
Global
	GlobalSection(SolutionConfigurationPlatforms) = preSolution
		Debug|Any CPU = Debug|Any CPU
		Release|Any CPU = Release|Any CPU
	EndGlobalSection
	GlobalSection(ProjectConfigurationPlatforms) = postSolution
		{3FE1EE8A-9A23-4F2C-9227-7426A81C7585}.Debug|Any CPU.ActiveCfg = Debug|Any CPU
		{3FE1EE8A-9A23-4F2C-9227-7426A81C7585}.Debug|Any CPU.Build.0 = Debug|Any CPU
		{3FE1EE8A-9A23-4F2C-9227-7426A81C7585}.Release|Any CPU.ActiveCfg = Release|Any CPU
		{3FE1EE8A-9A23-4F2C-9227-7426A81C7585}.Release|Any CPU.Build.0 = Release|Any CPU
	EndGlobalSection
	GlobalSection(SolutionProperties) = preSolution
		HideSolutionNode = FALSE
	EndGlobalSection
	GlobalSection(ExtensibilityGlobals) = postSolution
		SolutionGuid = {36F70EF5-2C50-485C-8FC9-99D7534E36FD}
	EndGlobalSection
EndGlobal
